{
  "name": "threejs-managed-view",
  "version": "8.0.0",
  "lockfileVersion": 1,
  "requires": true,
  "dependencies": {
    "browser-event-adder": {
      "version": "1.0.1",
      "resolved": "https://registry.npmjs.org/browser-event-adder/-/browser-event-adder-1.0.1.tgz",
      "integrity": "sha1-Zh1epnnzyyCHpTuNVsJhZii6At0="
    },
    "input-resize": {
      "version": "2.1.1",
      "resolved": "https://registry.npmjs.org/input-resize/-/input-resize-2.1.1.tgz",
      "integrity": "sha1-aMPVWZyEt8C8rf1Pk17DaOvxAMc=",
      "requires": {
        "browser-event-adder": "^1.0.0",
        "signals": "^1.0.0"
      }
    },
    "loadandrunscripts": {
      "version": "1.0.0",
      "resolved": "https://registry.npmjs.org/loadandrunscripts/-/loadandrunscripts-1.0.0.tgz",
      "integrity": "sha1-C8rG/fu9Xb7eXPr5IJx7TROrLek=",
      "dev": true
    },
    "lodash.defaults": {
      "version": "4.2.0",
      "resolved": "https://registry.npmjs.org/lodash.defaults/-/lodash.defaults-4.2.0.tgz",
      "integrity": "sha1-0JF4cW/+pN3p5ft7N/bwgCJ0WAw="
    },
    "signals": {
      "version": "1.0.0",
      "resolved": "https://registry.npmjs.org/signals/-/signals-1.0.0.tgz",
      "integrity": "sha1-ZfDBWZNSs1Ny7KrlolDmEHN27Wk="
    },
    "three": {
      "version": "0.99.0",
      "resolved": "https://registry.npmjs.org/three/-/three-0.99.0.tgz",
      "integrity": "sha512-DmNNq6H6nRGaqxScJ8x7v5VjdtDZR72oTVwDdKbB2BYNFxCkAoo9vdFAznEsMu9YzTV2yFvbVs7qHRzvJZzTIg=="
    }
  }
}
